
Microsoft Visual Studio Solution File, Format Version 12.00
# Visual Studio 15
VisualStudioVersion = 15.0.27130.2024
MinimumVisualStudioVersion = 10.0.40219.1
Project("{FAE04EC0-301F-11D3-BF4B-00C04F79EFBC}") = "Assignmentt2_pxs163930", "Assignmentt2_pxs163930\Assignmentt2_pxs163930.csproj", "{12EB260A-BFD9-4543-B236-F8AFA7D7B372}"
EndProject
Global
	GlobalSection(SolutionConfigurationPlatforms) = preSolution
		Debug|Any CPU = Debug|Any CPU
		Release|Any CPU = Release|Any CPU
	EndGlobalSection
	GlobalSection(ProjectConfigurationPlatforms) = postSolution
		{12EB260A-BFD9-4543-B236-F8AFA7D7B372}.Debug|Any CPU.ActiveCfg = Debug|Any CPU
		{12EB260A-BFD9-4543-B236-F8AFA7D7B372}.Debug|Any CPU.Build.0 = Debug|Any CPU
		{12EB260A-BFD9-4543-B236-F8AFA7D7B372}.Release|Any CPU.ActiveCfg = Release|Any CPU
		{12EB260A-BFD9-4543-B236-F8AFA7D7B372}.Release|Any CPU.Build.0 = Release|Any CPU
	EndGlobalSection
	GlobalSection(SolutionProperties) = preSolution
		HideSolutionNode = FALSE
	EndGlobalSection
	GlobalSection(ExtensibilityGlobals) = postSolution
		SolutionGuid = {8F4180A4-77A5-48AA-906E-9385E1AAB4F1}
	EndGlobalSection
EndGlobal
